
Microsoft Visual Studio Solution File, Format Version 12.00
# Visual Studio 15
VisualStudioVersion = 15.0.27130.2036
MinimumVisualStudioVersion = 10.0.40219.1
Project("{2150E333-8FDC-42A3-9474-1A3956D46DE8}") = "Targets", "Targets", "{B3B306B8-9A3D-4CD6-81FD-9C9EAB3C5788}"
EndProject
Project("{FAE04EC0-301F-11D3-BF4B-00C04F79EFBC}") = "Conference.Android", "Conference.Android\Conference.Android.csproj", "{C4B4592F-6AC4-4FE6-B63E-5D2DE47FD340}"
EndProject
Project("{FAE04EC0-301F-11D3-BF4B-00C04F79EFBC}") = "Conference.iOS", "Conference.iOS\Conference.iOS.csproj", "{22F77CDE-8816-45D7-A7A1-CA9282145F0A}"
EndProject
Project("{2150E333-8FDC-42A3-9474-1A3956D46DE8}") = "Tests", "Tests", "{77DDAD28-118D-46C9-8958-445F7288DCC8}"
EndProject
Project("{FAE04EC0-301F-11D3-BF4B-00C04F79EFBC}") = "Conference.UITests", "Conference.UITests\Conference.UITests.csproj", "{FCEFC9E6-75AC-437D-9E01-3FA3D3271B17}"
EndProject
Project("{2150E333-8FDC-42A3-9474-1A3956D46DE8}") = "Backend", "Backend", "{8D118106-3CF2-4674-978C-C9133AD91F39}"
EndProject
Project("{9A19103F-16F7-4668-BE54-9A1E7A4F7556}") = "Conference.Clients.Portable", "Conference.Clients.Portable\Conference.Clients.Portable.csproj", "{434442F3-9AF2-4A19-9151-EFBD731BD367}"
EndProject
Project("{9A19103F-16F7-4668-BE54-9A1E7A4F7556}") = "Conference.Clients.UI", "Conference.Clients.UI\Conference.Clients.UI.csproj", "{CD2623BD-3609-4BE9-80EF-0974F3A1A27D}"
EndProject
Project("{9A19103F-16F7-4668-BE54-9A1E7A4F7556}") = "Conference.DataStore.Abstractions", "Conference.DataStore.Abstractions\Conference.DataStore.Abstractions.csproj", "{50542AC8-CD37-4E51-B946-B85049D6EC11}"
EndProject
Project("{9A19103F-16F7-4668-BE54-9A1E7A4F7556}") = "Conference.DataStore.Azure", "Conference.DataStore.Azure\Conference.DataStore.Azure.csproj", "{5087B261-9D0F-457D-AD9E-B018248F1B16}"
EndProject
Project("{9A19103F-16F7-4668-BE54-9A1E7A4F7556}") = "Conference.DataStore.Mock", "Conference.DataStore.Mock\Conference.DataStore.Mock.csproj", "{4DF18ED7-0E19-4866-8D9B-B1CB5C86A366}"
EndProject
Project("{D954291E-2A0B-460D-934E-DC6B0785DB48}") = "Conference.DataObjects", "Conference.DataObjects\Conference.DataObjects.shproj", "{7EDD0E09-3B40-41AB-83DD-01317426CA1A}"
EndProject
Project("{FAE04EC0-301F-11D3-BF4B-00C04F79EFBC}") = "Conference.UWP", "Conference.UWP\Conference.UWP.csproj", "{A8B9FFDA-76CD-48FD-ACCD-C27C48F1BC85}"
EndProject
Project("{2150E333-8FDC-42A3-9474-1A3956D46DE8}") = "Shared", "Shared", "{DC9BA4C6-1267-449A-95F2-AB7A8B53F65D}"
EndProject
Project("{9A19103F-16F7-4668-BE54-9A1E7A4F7556}") = "Conference.Utils", "Conference.Utils\Conference.Utils.csproj", "{DFA0F0F6-C396-412E-86A9-E9095F71CC36}"
EndProject
Project("{2150E333-8FDC-42A3-9474-1A3956D46DE8}") = "Solution Items", "Solution Items", "{0CFAF89E-6706-4659-99EF-A15CCFA6CF4B}"
	ProjectSection(SolutionItems) = preProject
		..\README.md = ..\README.md
	EndProjectSection
EndProject
Global
	GlobalSection(SharedMSBuildProjectFiles) = preSolution
		Conference.DataObjects\Conference.Backend.Shared.projitems*{7edd0e09-3b40-41ab-83dd-01317426ca1a}*SharedItemsImports = 13
	EndGlobalSection
	GlobalSection(SolutionConfigurationPlatforms) = preSolution
		Debug|Any CPU = Debug|Any CPU
		Debug|ARM = Debug|ARM
		Debug|iPhone = Debug|iPhone
		Debug|iPhoneSimulator = Debug|iPhoneSimulator
		Debug|x64 = Debug|x64
		Debug|x86 = Debug|x86
		Release|Any CPU = Release|Any CPU
		Release|ARM = Release|ARM
		Release|iPhone = Release|iPhone
		Release|iPhoneSimulator = Release|iPhoneSimulator
		Release|x64 = Release|x64
		Release|x86 = Release|x86
		UITest|Any CPU = UITest|Any CPU
		UITest|ARM = UITest|ARM
		UITest|iPhone = UITest|iPhone
		UITest|iPhoneSimulator = UITest|iPhoneSimulator
		UITest|x64 = UITest|x64
		UITest|x86 = UITest|x86
	EndGlobalSection
	GlobalSection(ProjectConfigurationPlatforms) = postSolution
		{C4B4592F-6AC4-4FE6-B63E-5D2DE47FD340}.Debug|Any CPU.ActiveCfg = Debug|Any CPU
		{C4B4592F-6AC4-4FE6-B63E-5D2DE47FD340}.Debug|Any CPU.Build.0 = Debug|Any CPU
		{C4B4592F-6AC4-4FE6-B63E-5D2DE47FD340}.Debug|Any CPU.Deploy.0 = Debug|Any CPU
		{C4B4592F-6AC4-4FE6-B63E-5D2DE47FD340}.Debug|ARM.ActiveCfg = Debug|Any CPU
		{C4B4592F-6AC4-4FE6-B63E-5D2DE47FD340}.Debug|ARM.Build.0 = Debug|Any CPU
		{C4B4592F-6AC4-4FE6-B63E-5D2DE47FD340}.Debug|ARM.Deploy.0 = Debug|Any CPU
		{C4B4592F-6AC4-4FE6-B63E-5D2DE47FD340}.Debug|iPhone.ActiveCfg = Debug|Any CPU
		{C4B4592F-6AC4-4FE6-B63E-5D2DE47FD340}.Debug|iPhone.Build.0 = Debug|Any CPU
		{C4B4592F-6AC4-4FE6-B63E-5D2DE47FD340}.Debug|iPhoneSimulator.ActiveCfg = Debug|Any CPU
		{C4B4592F-6AC4-4FE6-B63E-5D2DE47FD340}.Debug|iPhoneSimulator.Build.0 = Debug|Any CPU
		{C4B4592F-6AC4-4FE6-B63E-5D2DE47FD340}.Debug|x64.ActiveCfg = Debug|Any CPU
		{C4B4592F-6AC4-4FE6-B63E-5D2DE47FD340}.Debug|x64.Build.0 = Debug|Any CPU
		{C4B4592F-6AC4-4FE6-B63E-5D2DE47FD340}.Debug|x64.Deploy.0 = Debug|Any CPU
		{C4B4592F-6AC4-4FE6-B63E-5D2DE47FD340}.Debug|x86.ActiveCfg = Debug|Any CPU
		{C4B4592F-6AC4-4FE6-B63E-5D2DE47FD340}.Debug|x86.Build.0 = Debug|Any CPU
		{C4B4592F-6AC4-4FE6-B63E-5D2DE47FD340}.Debug|x86.Deploy.0 = Debug|Any CPU
		{C4B4592F-6AC4-4FE6-B63E-5D2DE47FD340}.Release|Any CPU.ActiveCfg = Release|Any CPU
		{C4B4592F-6AC4-4FE6-B63E-5D2DE47FD340}.Release|Any CPU.Build.0 = Release|Any CPU
		{C4B4592F-6AC4-4FE6-B63E-5D2DE47FD340}.Release|ARM.ActiveCfg = Release|Any CPU
		{C4B4592F-6AC4-4FE6-B63E-5D2DE47FD340}.Release|ARM.Build.0 = Release|Any CPU
		{C4B4592F-6AC4-4FE6-B63E-5D2DE47FD340}.Release|ARM.Deploy.0 = Release|Any CPU
		{C4B4592F-6AC4-4FE6-B63E-5D2DE47FD340}.Release|iPhone.ActiveCfg = Release|Any CPU
		{C4B4592F-6AC4-4FE6-B63E-5D2DE47FD340}.Release|iPhone.Build.0 = Release|Any CPU
		{C4B4592F-6AC4-4FE6-B63E-5D2DE47FD340}.Release|iPhoneSimulator.ActiveCfg = Release|Any CPU
		{C4B4592F-6AC4-4FE6-B63E-5D2DE47FD340}.Release|iPhoneSimulator.Build.0 = Release|Any CPU
		{C4B4592F-6AC4-4FE6-B63E-5D2DE47FD340}.Release|x64.ActiveCfg = Release|Any CPU
		{C4B4592F-6AC4-4FE6-B63E-5D2DE47FD340}.Release|x64.Build.0 = Release|Any CPU
		{C4B4592F-6AC4-4FE6-B63E-5D2DE47FD340}.Release|x64.Deploy.0 = Release|Any CPU
		{C4B4592F-6AC4-4FE6-B63E-5D2DE47FD340}.Release|x86.ActiveCfg = Release|Any CPU
		{C4B4592F-6AC4-4FE6-B63E-5D2DE47FD340}.Release|x86.Build.0 = Release|Any CPU
		{C4B4592F-6AC4-4FE6-B63E-5D2DE47FD340}.Release|x86.Deploy.0 = Release|Any CPU
		{C4B4592F-6AC4-4FE6-B63E-5D2DE47FD340}.UITest|Any CPU.ActiveCfg = UITest|Any CPU
		{C4B4592F-6AC4-4FE6-B63E-5D2DE47FD340}.UITest|Any CPU.Build.0 = UITest|Any CPU
		{C4B4592F-6AC4-4FE6-B63E-5D2DE47FD340}.UITest|Any CPU.Deploy.0 = UITest|Any CPU
		{C4B4592F-6AC4-4FE6-B63E-5D2DE47FD340}.UITest|ARM.ActiveCfg = UITest|Any CPU
		{C4B4592F-6AC4-4FE6-B63E-5D2DE47FD340}.UITest|ARM.Build.0 = UITest|Any CPU
		{C4B4592F-6AC4-4FE6-B63E-5D2DE47FD340}.UITest|ARM.Deploy.0 = UITest|Any CPU
		{C4B4592F-6AC4-4FE6-B63E-5D2DE47FD340}.UITest|iPhone.ActiveCfg = UITest|iPhone
		{C4B4592F-6AC4-4FE6-B63E-5D2DE47FD340}.UITest|iPhone.Build.0 = UITest|iPhone
		{C4B4592F-6AC4-4FE6-B63E-5D2DE47FD340}.UITest|iPhoneSimulator.ActiveCfg = UITest|Any CPU
		{C4B4592F-6AC4-4FE6-B63E-5D2DE47FD340}.UITest|iPhoneSimulator.Build.0 = UITest|Any CPU
		{C4B4592F-6AC4-4FE6-B63E-5D2DE47FD340}.UITest|iPhoneSimulator.Deploy.0 = UITest|Any CPU
		{C4B4592F-6AC4-4FE6-B63E-5D2DE47FD340}.UITest|x64.ActiveCfg = UITest|Any CPU
		{C4B4592F-6AC4-4FE6-B63E-5D2DE47FD340}.UITest|x64.Build.0 = UITest|Any CPU
		{C4B4592F-6AC4-4FE6-B63E-5D2DE47FD340}.UITest|x64.Deploy.0 = UITest|Any CPU
		{C4B4592F-6AC4-4FE6-B63E-5D2DE47FD340}.UITest|x86.ActiveCfg = UITest|Any CPU
		{C4B4592F-6AC4-4FE6-B63E-5D2DE47FD340}.UITest|x86.Build.0 = UITest|Any CPU
		{C4B4592F-6AC4-4FE6-B63E-5D2DE47FD340}.UITest|x86.Deploy.0 = UITest|Any CPU
		{22F77CDE-8816-45D7-A7A1-CA9282145F0A}.Debug|Any CPU.ActiveCfg = Debug|iPhoneSimulator
		{22F77CDE-8816-45D7-A7A1-CA9282145F0A}.Debug|Any CPU.Build.0 = Debug|iPhoneSimulator
		{22F77CDE-8816-45D7-A7A1-CA9282145F0A}.Debug|ARM.ActiveCfg = Debug|Any CPU
		{22F77CDE-8816-45D7-A7A1-CA9282145F0A}.Debug|ARM.Build.0 = Debug|Any CPU
		{22F77CDE-8816-45D7-A7A1-CA9282145F0A}.Debug|iPhone.ActiveCfg = Debug|iPhone
		{22F77CDE-8816-45D7-A7A1-CA9282145F0A}.Debug|iPhone.Build.0 = Debug|iPhone
		{22F77CDE-8816-45D7-A7A1-CA9282145F0A}.Debug|iPhoneSimulator.ActiveCfg = Debug|iPhoneSimulator
		{22F77CDE-8816-45D7-A7A1-CA9282145F0A}.Debug|iPhoneSimulator.Build.0 = Debug|iPhoneSimulator
		{22F77CDE-8816-45D7-A7A1-CA9282145F0A}.Debug|x64.ActiveCfg = Debug|Any CPU
		{22F77CDE-8816-45D7-A7A1-CA9282145F0A}.Debug|x64.Build.0 = Debug|Any CPU
		{22F77CDE-8816-45D7-A7A1-CA9282145F0A}.Debug|x86.ActiveCfg = Debug|Any CPU
		{22F77CDE-8816-45D7-A7A1-CA9282145F0A}.Debug|x86.Build.0 = Debug|Any CPU
		{22F77CDE-8816-45D7-A7A1-CA9282145F0A}.Release|Any CPU.ActiveCfg = Release|iPhone
		{22F77CDE-8816-45D7-A7A1-CA9282145F0A}.Release|Any CPU.Build.0 = Release|iPhone
		{22F77CDE-8816-45D7-A7A1-CA9282145F0A}.Release|ARM.ActiveCfg = Release|Any CPU
		{22F77CDE-8816-45D7-A7A1-CA9282145F0A}.Release|ARM.Build.0 = Release|Any CPU
		{22F77CDE-8816-45D7-A7A1-CA9282145F0A}.Release|iPhone.ActiveCfg = Release|iPhone
		{22F77CDE-8816-45D7-A7A1-CA9282145F0A}.Release|iPhone.Build.0 = Release|iPhone
		{22F77CDE-8816-45D7-A7A1-CA9282145F0A}.Release|iPhoneSimulator.ActiveCfg = Release|iPhoneSimulator
		{22F77CDE-8816-45D7-A7A1-CA9282145F0A}.Release|iPhoneSimulator.Build.0 = Release|iPhoneSimulator
		{22F77CDE-8816-45D7-A7A1-CA9282145F0A}.Release|x64.ActiveCfg = Release|Any CPU
		{22F77CDE-8816-45D7-A7A1-CA9282145F0A}.Release|x64.Build.0 = Release|Any CPU
		{22F77CDE-8816-45D7-A7A1-CA9282145F0A}.Release|x86.ActiveCfg = Release|Any CPU
		{22F77CDE-8816-45D7-A7A1-CA9282145F0A}.Release|x86.Build.0 = Release|Any CPU
		{22F77CDE-8816-45D7-A7A1-CA9282145F0A}.UITest|Any CPU.ActiveCfg = UITest|Any CPU
		{22F77CDE-8816-45D7-A7A1-CA9282145F0A}.UITest|Any CPU.Build.0 = UITest|Any CPU
		{22F77CDE-8816-45D7-A7A1-CA9282145F0A}.UITest|ARM.ActiveCfg = UITest|Any CPU
		{22F77CDE-8816-45D7-A7A1-CA9282145F0A}.UITest|ARM.Build.0 = UITest|Any CPU
		{22F77CDE-8816-45D7-A7A1-CA9282145F0A}.UITest|iPhone.ActiveCfg = UITest|iPhone
		{22F77CDE-8816-45D7-A7A1-CA9282145F0A}.UITest|iPhone.Build.0 = UITest|iPhone
		{22F77CDE-8816-45D7-A7A1-CA9282145F0A}.UITest|iPhoneSimulator.ActiveCfg = UITest|iPhoneSimulator
		{22F77CDE-8816-45D7-A7A1-CA9282145F0A}.UITest|iPhoneSimulator.Build.0 = UITest|iPhoneSimulator
		{22F77CDE-8816-45D7-A7A1-CA9282145F0A}.UITest|x64.ActiveCfg = UITest|Any CPU
		{22F77CDE-8816-45D7-A7A1-CA9282145F0A}.UITest|x64.Build.0 = UITest|Any CPU
		{22F77CDE-8816-45D7-A7A1-CA9282145F0A}.UITest|x86.ActiveCfg = UITest|Any CPU
		{22F77CDE-8816-45D7-A7A1-CA9282145F0A}.UITest|x86.Build.0 = UITest|Any CPU
		{FCEFC9E6-75AC-437D-9E01-3FA3D3271B17}.Debug|Any CPU.ActiveCfg = Debug|Any CPU
		{FCEFC9E6-75AC-437D-9E01-3FA3D3271B17}.Debug|Any CPU.Build.0 = Debug|Any CPU
		{FCEFC9E6-75AC-437D-9E01-3FA3D3271B17}.Debug|ARM.ActiveCfg = Debug|Any CPU
		{FCEFC9E6-75AC-437D-9E01-3FA3D3271B17}.Debug|ARM.Build.0 = Debug|Any CPU
		{FCEFC9E6-75AC-437D-9E01-3FA3D3271B17}.Debug|iPhone.ActiveCfg = Debug|Any CPU
		{FCEFC9E6-75AC-437D-9E01-3FA3D3271B17}.Debug|iPhone.Build.0 = Debug|Any CPU
		{FCEFC9E6-75AC-437D-9E01-3FA3D3271B17}.Debug|iPhoneSimulator.ActiveCfg = Debug|Any CPU
		{FCEFC9E6-75AC-437D-9E01-3FA3D3271B17}.Debug|iPhoneSimulator.Build.0 = Debug|Any CPU
		{FCEFC9E6-75AC-437D-9E01-3FA3D3271B17}.Debug|x64.ActiveCfg = Debug|Any CPU
		{FCEFC9E6-75AC-437D-9E01-3FA3D3271B17}.Debug|x64.Build.0 = Debug|Any CPU
		{FCEFC9E6-75AC-437D-9E01-3FA3D3271B17}.Debug|x86.ActiveCfg = Debug|Any CPU
		{FCEFC9E6-75AC-437D-9E01-3FA3D3271B17}.Debug|x86.Build.0 = Debug|Any CPU
		{FCEFC9E6-75AC-437D-9E01-3FA3D3271B17}.Release|Any CPU.ActiveCfg = Release|Any CPU
		{FCEFC9E6-75AC-437D-9E01-3FA3D3271B17}.Release|Any CPU.Build.0 = Release|Any CPU
		{FCEFC9E6-75AC-437D-9E01-3FA3D3271B17}.Release|ARM.ActiveCfg = Release|Any CPU
		{FCEFC9E6-75AC-437D-9E01-3FA3D3271B17}.Release|ARM.Build.0 = Release|Any CPU
		{FCEFC9E6-75AC-437D-9E01-3FA3D3271B17}.Release|iPhone.ActiveCfg = Release|Any CPU
		{FCEFC9E6-75AC-437D-9E01-3FA3D3271B17}.Release|iPhone.Build.0 = Release|Any CPU
		{FCEFC9E6-75AC-437D-9E01-3FA3D3271B17}.Release|iPhoneSimulator.ActiveCfg = Release|Any CPU
		{FCEFC9E6-75AC-437D-9E01-3FA3D3271B17}.Release|iPhoneSimulator.Build.0 = Release|Any CPU
		{FCEFC9E6-75AC-437D-9E01-3FA3D3271B17}.Release|x64.ActiveCfg = Release|Any CPU
		{FCEFC9E6-75AC-437D-9E01-3FA3D3271B17}.Release|x64.Build.0 = Release|Any CPU
		{FCEFC9E6-75AC-437D-9E01-3FA3D3271B17}.Release|x86.ActiveCfg = Release|Any CPU
		{FCEFC9E6-75AC-437D-9E01-3FA3D3271B17}.Release|x86.Build.0 = Release|Any CPU
		{FCEFC9E6-75AC-437D-9E01-3FA3D3271B17}.UITest|Any CPU.ActiveCfg = UITest|Any CPU
		{FCEFC9E6-75AC-437D-9E01-3FA3D3271B17}.UITest|Any CPU.Build.0 = UITest|Any CPU
		{FCEFC9E6-75AC-437D-9E01-3FA3D3271B17}.UITest|ARM.ActiveCfg = UITest|Any CPU
		{FCEFC9E6-75AC-437D-9E01-3FA3D3271B17}.UITest|ARM.Build.0 = UITest|Any CPU
		{FCEFC9E6-75AC-437D-9E01-3FA3D3271B17}.UITest|iPhone.ActiveCfg = UITest|iPhone
		{FCEFC9E6-75AC-437D-9E01-3FA3D3271B17}.UITest|iPhone.Build.0 = UITest|iPhone
		{FCEFC9E6-75AC-437D-9E01-3FA3D3271B17}.UITest|iPhoneSimulator.ActiveCfg = UITest|Any CPU
		{FCEFC9E6-75AC-437D-9E01-3FA3D3271B17}.UITest|iPhoneSimulator.Build.0 = UITest|Any CPU
		{FCEFC9E6-75AC-437D-9E01-3FA3D3271B17}.UITest|x64.ActiveCfg = UITest|Any CPU
		{FCEFC9E6-75AC-437D-9E01-3FA3D3271B17}.UITest|x64.Build.0 = UITest|Any CPU
		{FCEFC9E6-75AC-437D-9E01-3FA3D3271B17}.UITest|x86.ActiveCfg = UITest|Any CPU
		{FCEFC9E6-75AC-437D-9E01-3FA3D3271B17}.UITest|x86.Build.0 = UITest|Any CPU
		{434442F3-9AF2-4A19-9151-EFBD731BD367}.Debug|Any CPU.ActiveCfg = Debug|Any CPU
		{434442F3-9AF2-4A19-9151-EFBD731BD367}.Debug|Any CPU.Build.0 = Debug|Any CPU
		{434442F3-9AF2-4A19-9151-EFBD731BD367}.Debug|ARM.ActiveCfg = Debug|Any CPU
		{434442F3-9AF2-4A19-9151-EFBD731BD367}.Debug|ARM.Build.0 = Debug|Any CPU
		{434442F3-9AF2-4A19-9151-EFBD731BD367}.Debug|iPhone.ActiveCfg = Debug|Any CPU
		{434442F3-9AF2-4A19-9151-EFBD731BD367}.Debug|iPhone.Build.0 = Debug|Any CPU
		{434442F3-9AF2-4A19-9151-EFBD731BD367}.Debug|iPhoneSimulator.ActiveCfg = Debug|Any CPU
		{434442F3-9AF2-4A19-9151-EFBD731BD367}.Debug|iPhoneSimulator.Build.0 = Debug|Any CPU
		{434442F3-9AF2-4A19-9151-EFBD731BD367}.Debug|x64.ActiveCfg = Debug|Any CPU
		{434442F3-9AF2-4A19-9151-EFBD731BD367}.Debug|x64.Build.0 = Debug|Any CPU
		{434442F3-9AF2-4A19-9151-EFBD731BD367}.Debug|x86.ActiveCfg = Debug|Any CPU
		{434442F3-9AF2-4A19-9151-EFBD731BD367}.Debug|x86.Build.0 = Debug|Any CPU
		{434442F3-9AF2-4A19-9151-EFBD731BD367}.Release|Any CPU.ActiveCfg = Release|Any CPU
		{434442F3-9AF2-4A19-9151-EFBD731BD367}.Release|Any CPU.Build.0 = Release|Any CPU
		{434442F3-9AF2-4A19-9151-EFBD731BD367}.Release|ARM.ActiveCfg = Release|Any CPU
		{434442F3-9AF2-4A19-9151-EFBD731BD367}.Release|ARM.Build.0 = Release|Any CPU
		{434442F3-9AF2-4A19-9151-EFBD731BD367}.Release|iPhone.ActiveCfg = Release|Any CPU
		{434442F3-9AF2-4A19-9151-EFBD731BD367}.Release|iPhone.Build.0 = Release|Any CPU
		{434442F3-9AF2-4A19-9151-EFBD731BD367}.Release|iPhoneSimulator.ActiveCfg = Release|Any CPU
		{434442F3-9AF2-4A19-9151-EFBD731BD367}.Release|iPhoneSimulator.Build.0 = Release|Any CPU
		{434442F3-9AF2-4A19-9151-EFBD731BD367}.Release|x64.ActiveCfg = Release|Any CPU
		{434442F3-9AF2-4A19-9151-EFBD731BD367}.Release|x64.Build.0 = Release|Any CPU
		{434442F3-9AF2-4A19-9151-EFBD731BD367}.Release|x86.ActiveCfg = Release|Any CPU
		{434442F3-9AF2-4A19-9151-EFBD731BD367}.Release|x86.Build.0 = Release|Any CPU
		{434442F3-9AF2-4A19-9151-EFBD731BD367}.UITest|Any CPU.ActiveCfg = Release|Any CPU
		{434442F3-9AF2-4A19-9151-EFBD731BD367}.UITest|Any CPU.Build.0 = Release|Any CPU
		{434442F3-9AF2-4A19-9151-EFBD731BD367}.UITest|ARM.ActiveCfg = Release|Any CPU
		{434442F3-9AF2-4A19-9151-EFBD731BD367}.UITest|ARM.Build.0 = Release|Any CPU
		{434442F3-9AF2-4A19-9151-EFBD731BD367}.UITest|iPhone.ActiveCfg = Release|Any CPU
		{434442F3-9AF2-4A19-9151-EFBD731BD367}.UITest|iPhone.Build.0 = Release|Any CPU
		{434442F3-9AF2-4A19-9151-EFBD731BD367}.UITest|iPhoneSimulator.ActiveCfg = Release|Any CPU
		{434442F3-9AF2-4A19-9151-EFBD731BD367}.UITest|iPhoneSimulator.Build.0 = Release|Any CPU
		{434442F3-9AF2-4A19-9151-EFBD731BD367}.UITest|x64.ActiveCfg = Release|Any CPU
		{434442F3-9AF2-4A19-9151-EFBD731BD367}.UITest|x64.Build.0 = Release|Any CPU
		{434442F3-9AF2-4A19-9151-EFBD731BD367}.UITest|x86.ActiveCfg = Release|Any CPU
		{434442F3-9AF2-4A19-9151-EFBD731BD367}.UITest|x86.Build.0 = Release|Any CPU
		{CD2623BD-3609-4BE9-80EF-0974F3A1A27D}.Debug|Any CPU.ActiveCfg = Debug|Any CPU
		{CD2623BD-3609-4BE9-80EF-0974F3A1A27D}.Debug|Any CPU.Build.0 = Debug|Any CPU
		{CD2623BD-3609-4BE9-80EF-0974F3A1A27D}.Debug|ARM.ActiveCfg = Debug|Any CPU
		{CD2623BD-3609-4BE9-80EF-0974F3A1A27D}.Debug|ARM.Build.0 = Debug|Any CPU
		{CD2623BD-3609-4BE9-80EF-0974F3A1A27D}.Debug|iPhone.ActiveCfg = Debug|Any CPU
		{CD2623BD-3609-4BE9-80EF-0974F3A1A27D}.Debug|iPhone.Build.0 = Debug|Any CPU
		{CD2623BD-3609-4BE9-80EF-0974F3A1A27D}.Debug|iPhoneSimulator.ActiveCfg = Debug|Any CPU
		{CD2623BD-3609-4BE9-80EF-0974F3A1A27D}.Debug|iPhoneSimulator.Build.0 = Debug|Any CPU
		{CD2623BD-3609-4BE9-80EF-0974F3A1A27D}.Debug|x64.ActiveCfg = Debug|Any CPU
		{CD2623BD-3609-4BE9-80EF-0974F3A1A27D}.Debug|x64.Build.0 = Debug|Any CPU
		{CD2623BD-3609-4BE9-80EF-0974F3A1A27D}.Debug|x86.ActiveCfg = Debug|Any CPU
		{CD2623BD-3609-4BE9-80EF-0974F3A1A27D}.Debug|x86.Build.0 = Debug|Any CPU
		{CD2623BD-3609-4BE9-80EF-0974F3A1A27D}.Release|Any CPU.ActiveCfg = Release|Any CPU
		{CD2623BD-3609-4BE9-80EF-0974F3A1A27D}.Release|Any CPU.Build.0 = Release|Any CPU
		{CD2623BD-3609-4BE9-80EF-0974F3A1A27D}.Release|ARM.ActiveCfg = Release|Any CPU
		{CD2623BD-3609-4BE9-80EF-0974F3A1A27D}.Release|ARM.Build.0 = Release|Any CPU
		{CD2623BD-3609-4BE9-80EF-0974F3A1A27D}.Release|iPhone.ActiveCfg = Release|Any CPU
		{CD2623BD-3609-4BE9-80EF-0974F3A1A27D}.Release|iPhone.Build.0 = Release|Any CPU
		{CD2623BD-3609-4BE9-80EF-0974F3A1A27D}.Release|iPhoneSimulator.ActiveCfg = Release|Any CPU
		{CD2623BD-3609-4BE9-80EF-0974F3A1A27D}.Release|iPhoneSimulator.Build.0 = Release|Any CPU
		{CD2623BD-3609-4BE9-80EF-0974F3A1A27D}.Release|x64.ActiveCfg = Release|Any CPU
		{CD2623BD-3609-4BE9-80EF-0974F3A1A27D}.Release|x64.Build.0 = Release|Any CPU
		{CD2623BD-3609-4BE9-80EF-0974F3A1A27D}.Release|x86.ActiveCfg = Release|Any CPU
		{CD2623BD-3609-4BE9-80EF-0974F3A1A27D}.Release|x86.Build.0 = Release|Any CPU
		{CD2623BD-3609-4BE9-80EF-0974F3A1A27D}.UITest|Any CPU.ActiveCfg = Release|Any CPU
		{CD2623BD-3609-4BE9-80EF-0974F3A1A27D}.UITest|Any CPU.Build.0 = Release|Any CPU
		{CD2623BD-3609-4BE9-80EF-0974F3A1A27D}.UITest|ARM.ActiveCfg = Release|Any CPU
		{CD2623BD-3609-4BE9-80EF-0974F3A1A27D}.UITest|ARM.Build.0 = Release|Any CPU
		{CD2623BD-3609-4BE9-80EF-0974F3A1A27D}.UITest|iPhone.ActiveCfg = Release|Any CPU
		{CD2623BD-3609-4BE9-80EF-0974F3A1A27D}.UITest|iPhone.Build.0 = Release|Any CPU
		{CD2623BD-3609-4BE9-80EF-0974F3A1A27D}.UITest|iPhoneSimulator.ActiveCfg = Release|Any CPU
		{CD2623BD-3609-4BE9-80EF-0974F3A1A27D}.UITest|iPhoneSimulator.Build.0 = Release|Any CPU
		{CD2623BD-3609-4BE9-80EF-0974F3A1A27D}.UITest|x64.ActiveCfg = Release|Any CPU
		{CD2623BD-3609-4BE9-80EF-0974F3A1A27D}.UITest|x64.Build.0 = Release|Any CPU
		{CD2623BD-3609-4BE9-80EF-0974F3A1A27D}.UITest|x86.ActiveCfg = Release|Any CPU
		{CD2623BD-3609-4BE9-80EF-0974F3A1A27D}.UITest|x86.Build.0 = Release|Any CPU
		{50542AC8-CD37-4E51-B946-B85049D6EC11}.Debug|Any CPU.ActiveCfg = Debug|Any CPU
		{50542AC8-CD37-4E51-B946-B85049D6EC11}.Debug|Any CPU.Build.0 = Debug|Any CPU
		{50542AC8-CD37-4E51-B946-B85049D6EC11}.Debug|ARM.ActiveCfg = Debug|Any CPU
		{50542AC8-CD37-4E51-B946-B85049D6EC11}.Debug|ARM.Build.0 = Debug|Any CPU
		{50542AC8-CD37-4E51-B946-B85049D6EC11}.Debug|iPhone.ActiveCfg = Debug|Any CPU
		{50542AC8-CD37-4E51-B946-B85049D6EC11}.Debug|iPhone.Build.0 = Debug|Any CPU
		{50542AC8-CD37-4E51-B946-B85049D6EC11}.Debug|iPhoneSimulator.ActiveCfg = Debug|Any CPU
		{50542AC8-CD37-4E51-B946-B85049D6EC11}.Debug|iPhoneSimulator.Build.0 = Debug|Any CPU
		{50542AC8-CD37-4E51-B946-B85049D6EC11}.Debug|x64.ActiveCfg = Debug|Any CPU
		{50542AC8-CD37-4E51-B946-B85049D6EC11}.Debug|x64.Build.0 = Debug|Any CPU
		{50542AC8-CD37-4E51-B946-B85049D6EC11}.Debug|x86.ActiveCfg = Debug|Any CPU
		{50542AC8-CD37-4E51-B946-B85049D6EC11}.Debug|x86.Build.0 = Debug|Any CPU
		{50542AC8-CD37-4E51-B946-B85049D6EC11}.Release|Any CPU.ActiveCfg = Release|Any CPU
		{50542AC8-CD37-4E51-B946-B85049D6EC11}.Release|Any CPU.Build.0 = Release|Any CPU
		{50542AC8-CD37-4E51-B946-B85049D6EC11}.Release|ARM.ActiveCfg = Release|Any CPU
		{50542AC8-CD37-4E51-B946-B85049D6EC11}.Release|ARM.Build.0 = Release|Any CPU
		{50542AC8-CD37-4E51-B946-B85049D6EC11}.Release|iPhone.ActiveCfg = Release|Any CPU
		{50542AC8-CD37-4E51-B946-B85049D6EC11}.Release|iPhone.Build.0 = Release|Any CPU
		{50542AC8-CD37-4E51-B946-B85049D6EC11}.Release|iPhoneSimulator.ActiveCfg = Release|Any CPU
		{50542AC8-CD37-4E51-B946-B85049D6EC11}.Release|iPhoneSimulator.Build.0 = Release|Any CPU
		{50542AC8-CD37-4E51-B946-B85049D6EC11}.Release|x64.ActiveCfg = Release|Any CPU
		{50542AC8-CD37-4E51-B946-B85049D6EC11}.Release|x64.Build.0 = Release|Any CPU
		{50542AC8-CD37-4E51-B946-B85049D6EC11}.Release|x86.ActiveCfg = Release|Any CPU
		{50542AC8-CD37-4E51-B946-B85049D6EC11}.Release|x86.Build.0 = Release|Any CPU
		{50542AC8-CD37-4E51-B946-B85049D6EC11}.UITest|Any CPU.ActiveCfg = Release|Any CPU
		{50542AC8-CD37-4E51-B946-B85049D6EC11}.UITest|Any CPU.Build.0 = Release|Any CPU
		{50542AC8-CD37-4E51-B946-B85049D6EC11}.UITest|ARM.ActiveCfg = Release|Any CPU
		{50542AC8-CD37-4E51-B946-B85049D6EC11}.UITest|ARM.Build.0 = Release|Any CPU
		{50542AC8-CD37-4E51-B946-B85049D6EC11}.UITest|iPhone.ActiveCfg = Release|Any CPU
		{50542AC8-CD37-4E51-B946-B85049D6EC11}.UITest|iPhone.Build.0 = Release|Any CPU
		{50542AC8-CD37-4E51-B946-B85049D6EC11}.UITest|iPhoneSimulator.ActiveCfg = Release|Any CPU
		{50542AC8-CD37-4E51-B946-B85049D6EC11}.UITest|iPhoneSimulator.Build.0 = Release|Any CPU
		{50542AC8-CD37-4E51-B946-B85049D6EC11}.UITest|x64.ActiveCfg = Release|Any CPU
		{50542AC8-CD37-4E51-B946-B85049D6EC11}.UITest|x64.Build.0 = Release|Any CPU
		{50542AC8-CD37-4E51-B946-B85049D6EC11}.UITest|x86.ActiveCfg = Release|Any CPU
		{50542AC8-CD37-4E51-B946-B85049D6EC11}.UITest|x86.Build.0 = Release|Any CPU
		{5087B261-9D0F-457D-AD9E-B018248F1B16}.Debug|Any CPU.ActiveCfg = Debug|Any CPU
		{5087B261-9D0F-457D-AD9E-B018248F1B16}.Debug|Any CPU.Build.0 = Debug|Any CPU
		{5087B261-9D0F-457D-AD9E-B018248F1B16}.Debug|ARM.ActiveCfg = Debug|Any CPU
		{5087B261-9D0F-457D-AD9E-B018248F1B16}.Debug|ARM.Build.0 = Debug|Any CPU
		{5087B261-9D0F-457D-AD9E-B018248F1B16}.Debug|iPhone.ActiveCfg = Debug|Any CPU
		{5087B261-9D0F-457D-AD9E-B018248F1B16}.Debug|iPhone.Build.0 = Debug|Any CPU
		{5087B261-9D0F-457D-AD9E-B018248F1B16}.Debug|iPhoneSimulator.ActiveCfg = Debug|Any CPU
		{5087B261-9D0F-457D-AD9E-B018248F1B16}.Debug|iPhoneSimulator.Build.0 = Debug|Any CPU
		{5087B261-9D0F-457D-AD9E-B018248F1B16}.Debug|x64.ActiveCfg = Debug|Any CPU
		{5087B261-9D0F-457D-AD9E-B018248F1B16}.Debug|x64.Build.0 = Debug|Any CPU
		{5087B261-9D0F-457D-AD9E-B018248F1B16}.Debug|x86.ActiveCfg = Debug|Any CPU
		{5087B261-9D0F-457D-AD9E-B018248F1B16}.Debug|x86.Build.0 = Debug|Any CPU
		{5087B261-9D0F-457D-AD9E-B018248F1B16}.Release|Any CPU.ActiveCfg = Release|Any CPU
		{5087B261-9D0F-457D-AD9E-B018248F1B16}.Release|Any CPU.Build.0 = Release|Any CPU
		{5087B261-9D0F-457D-AD9E-B018248F1B16}.Release|ARM.ActiveCfg = Release|Any CPU
		{5087B261-9D0F-457D-AD9E-B018248F1B16}.Release|ARM.Build.0 = Release|Any CPU
		{5087B261-9D0F-457D-AD9E-B018248F1B16}.Release|iPhone.ActiveCfg = Release|Any CPU
		{5087B261-9D0F-457D-AD9E-B018248F1B16}.Release|iPhone.Build.0 = Release|Any CPU
		{5087B261-9D0F-457D-AD9E-B018248F1B16}.Release|iPhoneSimulator.ActiveCfg = Release|Any CPU
		{5087B261-9D0F-457D-AD9E-B018248F1B16}.Release|iPhoneSimulator.Build.0 = Release|Any CPU
		{5087B261-9D0F-457D-AD9E-B018248F1B16}.Release|x64.ActiveCfg = Release|Any CPU
		{5087B261-9D0F-457D-AD9E-B018248F1B16}.Release|x64.Build.0 = Release|Any CPU
		{5087B261-9D0F-457D-AD9E-B018248F1B16}.Release|x86.ActiveCfg = Release|Any CPU
		{5087B261-9D0F-457D-AD9E-B018248F1B16}.Release|x86.Build.0 = Release|Any CPU
		{5087B261-9D0F-457D-AD9E-B018248F1B16}.UITest|Any CPU.ActiveCfg = Release|Any CPU
		{5087B261-9D0F-457D-AD9E-B018248F1B16}.UITest|Any CPU.Build.0 = Release|Any CPU
		{5087B261-9D0F-457D-AD9E-B018248F1B16}.UITest|ARM.ActiveCfg = Release|Any CPU
		{5087B261-9D0F-457D-AD9E-B018248F1B16}.UITest|ARM.Build.0 = Release|Any CPU
		{5087B261-9D0F-457D-AD9E-B018248F1B16}.UITest|iPhone.ActiveCfg = Release|Any CPU
		{5087B261-9D0F-457D-AD9E-B018248F1B16}.UITest|iPhone.Build.0 = Release|Any CPU
		{5087B261-9D0F-457D-AD9E-B018248F1B16}.UITest|iPhoneSimulator.ActiveCfg = Release|Any CPU
		{5087B261-9D0F-457D-AD9E-B018248F1B16}.UITest|iPhoneSimulator.Build.0 = Release|Any CPU
		{5087B261-9D0F-457D-AD9E-B018248F1B16}.UITest|x64.ActiveCfg = Release|Any CPU
		{5087B261-9D0F-457D-AD9E-B018248F1B16}.UITest|x64.Build.0 = Release|Any CPU
		{5087B261-9D0F-457D-AD9E-B018248F1B16}.UITest|x86.ActiveCfg = Release|Any CPU
		{5087B261-9D0F-457D-AD9E-B018248F1B16}.UITest|x86.Build.0 = Release|Any CPU
		{4DF18ED7-0E19-4866-8D9B-B1CB5C86A366}.Debug|Any CPU.ActiveCfg = Debug|Any CPU
		{4DF18ED7-0E19-4866-8D9B-B1CB5C86A366}.Debug|Any CPU.Build.0 = Debug|Any CPU
		{4DF18ED7-0E19-4866-8D9B-B1CB5C86A366}.Debug|ARM.ActiveCfg = Debug|Any CPU
		{4DF18ED7-0E19-4866-8D9B-B1CB5C86A366}.Debug|ARM.Build.0 = Debug|Any CPU
		{4DF18ED7-0E19-4866-8D9B-B1CB5C86A366}.Debug|iPhone.ActiveCfg = Debug|Any CPU
		{4DF18ED7-0E19-4866-8D9B-B1CB5C86A366}.Debug|iPhone.Build.0 = Debug|Any CPU
		{4DF18ED7-0E19-4866-8D9B-B1CB5C86A366}.Debug|iPhoneSimulator.ActiveCfg = Debug|Any CPU
		{4DF18ED7-0E19-4866-8D9B-B1CB5C86A366}.Debug|iPhoneSimulator.Build.0 = Debug|Any CPU
		{4DF18ED7-0E19-4866-8D9B-B1CB5C86A366}.Debug|x64.ActiveCfg = Debug|Any CPU
		{4DF18ED7-0E19-4866-8D9B-B1CB5C86A366}.Debug|x64.Build.0 = Debug|Any CPU
		{4DF18ED7-0E19-4866-8D9B-B1CB5C86A366}.Debug|x86.ActiveCfg = Debug|Any CPU
		{4DF18ED7-0E19-4866-8D9B-B1CB5C86A366}.Debug|x86.Build.0 = Debug|Any CPU
		{4DF18ED7-0E19-4866-8D9B-B1CB5C86A366}.Release|Any CPU.ActiveCfg = Release|Any CPU
		{4DF18ED7-0E19-4866-8D9B-B1CB5C86A366}.Release|Any CPU.Build.0 = Release|Any CPU
		{4DF18ED7-0E19-4866-8D9B-B1CB5C86A366}.Release|ARM.ActiveCfg = Release|Any CPU
		{4DF18ED7-0E19-4866-8D9B-B1CB5C86A366}.Release|ARM.Build.0 = Release|Any CPU
		{4DF18ED7-0E19-4866-8D9B-B1CB5C86A366}.Release|iPhone.ActiveCfg = Release|Any CPU
		{4DF18ED7-0E19-4866-8D9B-B1CB5C86A366}.Release|iPhone.Build.0 = Release|Any CPU
		{4DF18ED7-0E19-4866-8D9B-B1CB5C86A366}.Release|iPhoneSimulator.ActiveCfg = Release|Any CPU
		{4DF18ED7-0E19-4866-8D9B-B1CB5C86A366}.Release|iPhoneSimulator.Build.0 = Release|Any CPU
		{4DF18ED7-0E19-4866-8D9B-B1CB5C86A366}.Release|x64.ActiveCfg = Release|Any CPU
		{4DF18ED7-0E19-4866-8D9B-B1CB5C86A366}.Release|x64.Build.0 = Release|Any CPU
		{4DF18ED7-0E19-4866-8D9B-B1CB5C86A366}.Release|x86.ActiveCfg = Release|Any CPU
		{4DF18ED7-0E19-4866-8D9B-B1CB5C86A366}.Release|x86.Build.0 = Release|Any CPU
		{4DF18ED7-0E19-4866-8D9B-B1CB5C86A366}.UITest|Any CPU.ActiveCfg = Release|Any CPU
		{4DF18ED7-0E19-4866-8D9B-B1CB5C86A366}.UITest|Any CPU.Build.0 = Release|Any CPU
		{4DF18ED7-0E19-4866-8D9B-B1CB5C86A366}.UITest|ARM.ActiveCfg = Release|Any CPU
		{4DF18ED7-0E19-4866-8D9B-B1CB5C86A366}.UITest|ARM.Build.0 = Release|Any CPU
		{4DF18ED7-0E19-4866-8D9B-B1CB5C86A366}.UITest|iPhone.ActiveCfg = Release|Any CPU
		{4DF18ED7-0E19-4866-8D9B-B1CB5C86A366}.UITest|iPhone.Build.0 = Release|Any CPU
		{4DF18ED7-0E19-4866-8D9B-B1CB5C86A366}.UITest|iPhoneSimulator.ActiveCfg = Release|Any CPU
		{4DF18ED7-0E19-4866-8D9B-B1CB5C86A366}.UITest|iPhoneSimulator.Build.0 = Release|Any CPU
		{4DF18ED7-0E19-4866-8D9B-B1CB5C86A366}.UITest|x64.ActiveCfg = Release|Any CPU
		{4DF18ED7-0E19-4866-8D9B-B1CB5C86A366}.UITest|x64.Build.0 = Release|Any CPU
		{4DF18ED7-0E19-4866-8D9B-B1CB5C86A366}.UITest|x86.ActiveCfg = Release|Any CPU
		{4DF18ED7-0E19-4866-8D9B-B1CB5C86A366}.UITest|x86.Build.0 = Release|Any CPU
		{A8B9FFDA-76CD-48FD-ACCD-C27C48F1BC85}.Debug|Any CPU.ActiveCfg = Debug|x86
		{A8B9FFDA-76CD-48FD-ACCD-C27C48F1BC85}.Debug|Any CPU.Build.0 = Debug|x86
		{A8B9FFDA-76CD-48FD-ACCD-C27C48F1BC85}.Debug|Any CPU.Deploy.0 = Debug|x86
		{A8B9FFDA-76CD-48FD-ACCD-C27C48F1BC85}.Debug|ARM.ActiveCfg = Debug|ARM
		{A8B9FFDA-76CD-48FD-ACCD-C27C48F1BC85}.Debug|ARM.Build.0 = Debug|ARM
		{A8B9FFDA-76CD-48FD-ACCD-C27C48F1BC85}.Debug|ARM.Deploy.0 = Debug|ARM
		{A8B9FFDA-76CD-48FD-ACCD-C27C48F1BC85}.Debug|iPhone.ActiveCfg = Debug|x86
		{A8B9FFDA-76CD-48FD-ACCD-C27C48F1BC85}.Debug|iPhoneSimulator.ActiveCfg = Debug|x86
		{A8B9FFDA-76CD-48FD-ACCD-C27C48F1BC85}.Debug|x64.ActiveCfg = Debug|x64
		{A8B9FFDA-76CD-48FD-ACCD-C27C48F1BC85}.Debug|x64.Build.0 = Debug|x64
		{A8B9FFDA-76CD-48FD-ACCD-C27C48F1BC85}.Debug|x64.Deploy.0 = Debug|x64
		{A8B9FFDA-76CD-48FD-ACCD-C27C48F1BC85}.Debug|x86.ActiveCfg = Debug|x86
		{A8B9FFDA-76CD-48FD-ACCD-C27C48F1BC85}.Debug|x86.Build.0 = Debug|x86
		{A8B9FFDA-76CD-48FD-ACCD-C27C48F1BC85}.Debug|x86.Deploy.0 = Debug|x86
		{A8B9FFDA-76CD-48FD-ACCD-C27C48F1BC85}.Release|Any CPU.ActiveCfg = Release|x86
		{A8B9FFDA-76CD-48FD-ACCD-C27C48F1BC85}.Release|Any CPU.Build.0 = Release|x86
		{A8B9FFDA-76CD-48FD-ACCD-C27C48F1BC85}.Release|Any CPU.Deploy.0 = Release|x86
		{A8B9FFDA-76CD-48FD-ACCD-C27C48F1BC85}.Release|ARM.ActiveCfg = Release|ARM
		{A8B9FFDA-76CD-48FD-ACCD-C27C48F1BC85}.Release|ARM.Build.0 = Release|ARM
		{A8B9FFDA-76CD-48FD-ACCD-C27C48F1BC85}.Release|ARM.Deploy.0 = Release|ARM
		{A8B9FFDA-76CD-48FD-ACCD-C27C48F1BC85}.Release|iPhone.ActiveCfg = Release|x86
		{A8B9FFDA-76CD-48FD-ACCD-C27C48F1BC85}.Release|iPhoneSimulator.ActiveCfg = Release|x86
		{A8B9FFDA-76CD-48FD-ACCD-C27C48F1BC85}.Release|x64.ActiveCfg = Release|x64
		{A8B9FFDA-76CD-48FD-ACCD-C27C48F1BC85}.Release|x64.Build.0 = Release|x64
		{A8B9FFDA-76CD-48FD-ACCD-C27C48F1BC85}.Release|x64.Deploy.0 = Release|x64
		{A8B9FFDA-76CD-48FD-ACCD-C27C48F1BC85}.Release|x86.ActiveCfg = Release|x86
		{A8B9FFDA-76CD-48FD-ACCD-C27C48F1BC85}.Release|x86.Build.0 = Release|x86
		{A8B9FFDA-76CD-48FD-ACCD-C27C48F1BC85}.Release|x86.Deploy.0 = Release|x86
		{A8B9FFDA-76CD-48FD-ACCD-C27C48F1BC85}.UITest|Any CPU.ActiveCfg = Release|x64
		{A8B9FFDA-76CD-48FD-ACCD-C27C48F1BC85}.UITest|Any CPU.Build.0 = Release|x64
		{A8B9FFDA-76CD-48FD-ACCD-C27C48F1BC85}.UITest|Any CPU.Deploy.0 = Release|x64
		{A8B9FFDA-76CD-48FD-ACCD-C27C48F1BC85}.UITest|ARM.ActiveCfg = Release|ARM
		{A8B9FFDA-76CD-48FD-ACCD-C27C48F1BC85}.UITest|ARM.Build.0 = Release|ARM
		{A8B9FFDA-76CD-48FD-ACCD-C27C48F1BC85}.UITest|ARM.Deploy.0 = Release|ARM
		{A8B9FFDA-76CD-48FD-ACCD-C27C48F1BC85}.UITest|iPhone.ActiveCfg = Release|x64
		{A8B9FFDA-76CD-48FD-ACCD-C27C48F1BC85}.UITest|iPhone.Build.0 = Release|x64
		{A8B9FFDA-76CD-48FD-ACCD-C27C48F1BC85}.UITest|iPhone.Deploy.0 = Release|x64
		{A8B9FFDA-76CD-48FD-ACCD-C27C48F1BC85}.UITest|iPhoneSimulator.ActiveCfg = Release|x64
		{A8B9FFDA-76CD-48FD-ACCD-C27C48F1BC85}.UITest|iPhoneSimulator.Build.0 = Release|x64
		{A8B9FFDA-76CD-48FD-ACCD-C27C48F1BC85}.UITest|iPhoneSimulator.Deploy.0 = Release|x64
		{A8B9FFDA-76CD-48FD-ACCD-C27C48F1BC85}.UITest|x64.ActiveCfg = Release|x64
		{A8B9FFDA-76CD-48FD-ACCD-C27C48F1BC85}.UITest|x64.Build.0 = Release|x64
		{A8B9FFDA-76CD-48FD-ACCD-C27C48F1BC85}.UITest|x64.Deploy.0 = Release|x64
		{A8B9FFDA-76CD-48FD-ACCD-C27C48F1BC85}.UITest|x86.ActiveCfg = Release|x86
		{A8B9FFDA-76CD-48FD-ACCD-C27C48F1BC85}.UITest|x86.Build.0 = Release|x86
		{A8B9FFDA-76CD-48FD-ACCD-C27C48F1BC85}.UITest|x86.Deploy.0 = Release|x86
		{DFA0F0F6-C396-412E-86A9-E9095F71CC36}.Debug|Any CPU.ActiveCfg = Debug|Any CPU
		{DFA0F0F6-C396-412E-86A9-E9095F71CC36}.Debug|Any CPU.Build.0 = Debug|Any CPU
		{DFA0F0F6-C396-412E-86A9-E9095F71CC36}.Debug|ARM.ActiveCfg = Debug|Any CPU
		{DFA0F0F6-C396-412E-86A9-E9095F71CC36}.Debug|ARM.Build.0 = Debug|Any CPU
		{DFA0F0F6-C396-412E-86A9-E9095F71CC36}.Debug|iPhone.ActiveCfg = Debug|Any CPU
		{DFA0F0F6-C396-412E-86A9-E9095F71CC36}.Debug|iPhone.Build.0 = Debug|Any CPU
		{DFA0F0F6-C396-412E-86A9-E9095F71CC36}.Debug|iPhoneSimulator.ActiveCfg = Debug|Any CPU
		{DFA0F0F6-C396-412E-86A9-E9095F71CC36}.Debug|iPhoneSimulator.Build.0 = Debug|Any CPU
		{DFA0F0F6-C396-412E-86A9-E9095F71CC36}.Debug|x64.ActiveCfg = Debug|Any CPU
		{DFA0F0F6-C396-412E-86A9-E9095F71CC36}.Debug|x64.Build.0 = Debug|Any CPU
		{DFA0F0F6-C396-412E-86A9-E9095F71CC36}.Debug|x86.ActiveCfg = Debug|Any CPU
		{DFA0F0F6-C396-412E-86A9-E9095F71CC36}.Debug|x86.Build.0 = Debug|Any CPU
		{DFA0F0F6-C396-412E-86A9-E9095F71CC36}.Release|Any CPU.ActiveCfg = Release|Any CPU
		{DFA0F0F6-C396-412E-86A9-E9095F71CC36}.Release|Any CPU.Build.0 = Release|Any CPU
		{DFA0F0F6-C396-412E-86A9-E9095F71CC36}.Release|ARM.ActiveCfg = Release|Any CPU
		{DFA0F0F6-C396-412E-86A9-E9095F71CC36}.Release|ARM.Build.0 = Release|Any CPU
		{DFA0F0F6-C396-412E-86A9-E9095F71CC36}.Release|iPhone.ActiveCfg = Release|Any CPU
		{DFA0F0F6-C396-412E-86A9-E9095F71CC36}.Release|iPhone.Build.0 = Release|Any CPU
		{DFA0F0F6-C396-412E-86A9-E9095F71CC36}.Release|iPhoneSimulator.ActiveCfg = Release|Any CPU
		{DFA0F0F6-C396-412E-86A9-E9095F71CC36}.Release|iPhoneSimulator.Build.0 = Release|Any CPU
		{DFA0F0F6-C396-412E-86A9-E9095F71CC36}.Release|x64.ActiveCfg = Release|Any CPU
		{DFA0F0F6-C396-412E-86A9-E9095F71CC36}.Release|x64.Build.0 = Release|Any CPU
		{DFA0F0F6-C396-412E-86A9-E9095F71CC36}.Release|x86.ActiveCfg = Release|Any CPU
		{DFA0F0F6-C396-412E-86A9-E9095F71CC36}.Release|x86.Build.0 = Release|Any CPU
		{DFA0F0F6-C396-412E-86A9-E9095F71CC36}.UITest|Any CPU.ActiveCfg = Release|Any CPU
		{DFA0F0F6-C396-412E-86A9-E9095F71CC36}.UITest|Any CPU.Build.0 = Release|Any CPU
		{DFA0F0F6-C396-412E-86A9-E9095F71CC36}.UITest|ARM.ActiveCfg = Release|Any CPU
		{DFA0F0F6-C396-412E-86A9-E9095F71CC36}.UITest|ARM.Build.0 = Release|Any CPU
		{DFA0F0F6-C396-412E-86A9-E9095F71CC36}.UITest|iPhone.ActiveCfg = Release|Any CPU
		{DFA0F0F6-C396-412E-86A9-E9095F71CC36}.UITest|iPhone.Build.0 = Release|Any CPU
		{DFA0F0F6-C396-412E-86A9-E9095F71CC36}.UITest|iPhoneSimulator.ActiveCfg = Release|Any CPU
		{DFA0F0F6-C396-412E-86A9-E9095F71CC36}.UITest|iPhoneSimulator.Build.0 = Release|Any CPU
		{DFA0F0F6-C396-412E-86A9-E9095F71CC36}.UITest|x64.ActiveCfg = Release|Any CPU
		{DFA0F0F6-C396-412E-86A9-E9095F71CC36}.UITest|x64.Build.0 = Release|Any CPU
		{DFA0F0F6-C396-412E-86A9-E9095F71CC36}.UITest|x86.ActiveCfg = Release|Any CPU
		{DFA0F0F6-C396-412E-86A9-E9095F71CC36}.UITest|x86.Build.0 = Release|Any CPU
	EndGlobalSection
	GlobalSection(SolutionProperties) = preSolution
		HideSolutionNode = FALSE
	EndGlobalSection
	GlobalSection(NestedProjects) = preSolution
		{C4B4592F-6AC4-4FE6-B63E-5D2DE47FD340} = {B3B306B8-9A3D-4CD6-81FD-9C9EAB3C5788}
		{22F77CDE-8816-45D7-A7A1-CA9282145F0A} = {B3B306B8-9A3D-4CD6-81FD-9C9EAB3C5788}
		{FCEFC9E6-75AC-437D-9E01-3FA3D3271B17} = {77DDAD28-118D-46C9-8958-445F7288DCC8}
		{434442F3-9AF2-4A19-9151-EFBD731BD367} = {DC9BA4C6-1267-449A-95F2-AB7A8B53F65D}
		{CD2623BD-3609-4BE9-80EF-0974F3A1A27D} = {DC9BA4C6-1267-449A-95F2-AB7A8B53F65D}
		{50542AC8-CD37-4E51-B946-B85049D6EC11} = {8D118106-3CF2-4674-978C-C9133AD91F39}
		{5087B261-9D0F-457D-AD9E-B018248F1B16} = {8D118106-3CF2-4674-978C-C9133AD91F39}
		{4DF18ED7-0E19-4866-8D9B-B1CB5C86A366} = {8D118106-3CF2-4674-978C-C9133AD91F39}
		{7EDD0E09-3B40-41AB-83DD-01317426CA1A} = {8D118106-3CF2-4674-978C-C9133AD91F39}
		{A8B9FFDA-76CD-48FD-ACCD-C27C48F1BC85} = {B3B306B8-9A3D-4CD6-81FD-9C9EAB3C5788}
		{DFA0F0F6-C396-412E-86A9-E9095F71CC36} = {DC9BA4C6-1267-449A-95F2-AB7A8B53F65D}
	EndGlobalSection
	GlobalSection(ExtensibilityGlobals) = postSolution
		SolutionGuid = {6A8D90A7-F93C-4AD7-895E-3A872DE95A2D}
	EndGlobalSection
	GlobalSection(MonoDevelopProperties) = preSolution
		Policies = $0
		$0.DotNetNamingPolicy = $1
		$1.DirectoryNamespaceAssociation = None
		$1.ResourceNamePolicy = FileName
	EndGlobalSection
EndGlobal
